
Microsoft Visual Studio Solution File, Format Version 12.00
# Visual Studio Version 17
VisualStudioVersion = 17.7.34009.444
MinimumVisualStudioVersion = 10.0.40219.1
Project("{FAE04EC0-301F-11D3-BF4B-00C04F79EFBC}") = "ISAProjekat23.Client", "ISAProjekat23\ISAProjekat23.Client.csproj", "{0F77CBA9-A38C-4553-AE91-F621975017D6}"
EndProject
Project("{FAE04EC0-301F-11D3-BF4B-00C04F79EFBC}") = "ISAProjekat23.Server", "ISAProjekat23.Server\ISAProjekat23.Server.csproj", "{4BD569FB-1BD3-4ACA-9E9D-74F045903B5C}"
EndProject
Project("{FAE04EC0-301F-11D3-BF4B-00C04F79EFBC}") = "ISAProjekat23.Database", "ISAProjekat23.Database\ISAProjekat23.Database.csproj", "{7A916FBB-5FF1-4359-A404-E7A7A8E7F9D8}"
EndProject
Project("{FAE04EC0-301F-11D3-BF4B-00C04F79EFBC}") = "ISAProjekat23.Model", "ISAProjekat23.Model\ISAProjekat23.Model.csproj", "{225F4EA5-6B8B-4505-ADBE-308AC8D0FA7A}"
EndProject
Project("{FAE04EC0-301F-11D3-BF4B-00C04F79EFBC}") = "ISAProjekat23.Repository", "ISAProjekat23.Repository\ISAProjekat23.Repository.csproj", "{0227B48D-7414-4FA9-8865-60599812EA88}"
EndProject
Global
	GlobalSection(SolutionConfigurationPlatforms) = preSolution
		Debug|Any CPU = Debug|Any CPU
		Release|Any CPU = Release|Any CPU
	EndGlobalSection
	GlobalSection(ProjectConfigurationPlatforms) = postSolution
		{0F77CBA9-A38C-4553-AE91-F621975017D6}.Debug|Any CPU.ActiveCfg = Debug|Any CPU
		{0F77CBA9-A38C-4553-AE91-F621975017D6}.Debug|Any CPU.Build.0 = Debug|Any CPU
		{0F77CBA9-A38C-4553-AE91-F621975017D6}.Release|Any CPU.ActiveCfg = Release|Any CPU
		{0F77CBA9-A38C-4553-AE91-F621975017D6}.Release|Any CPU.Build.0 = Release|Any CPU
		{4BD569FB-1BD3-4ACA-9E9D-74F045903B5C}.Debug|Any CPU.ActiveCfg = Debug|Any CPU
		{4BD569FB-1BD3-4ACA-9E9D-74F045903B5C}.Debug|Any CPU.Build.0 = Debug|Any CPU
		{4BD569FB-1BD3-4ACA-9E9D-74F045903B5C}.Release|Any CPU.ActiveCfg = Release|Any CPU
		{4BD569FB-1BD3-4ACA-9E9D-74F045903B5C}.Release|Any CPU.Build.0 = Release|Any CPU
		{7A916FBB-5FF1-4359-A404-E7A7A8E7F9D8}.Debug|Any CPU.ActiveCfg = Debug|Any CPU
		{7A916FBB-5FF1-4359-A404-E7A7A8E7F9D8}.Debug|Any CPU.Build.0 = Debug|Any CPU
		{7A916FBB-5FF1-4359-A404-E7A7A8E7F9D8}.Release|Any CPU.ActiveCfg = Release|Any CPU
		{7A916FBB-5FF1-4359-A404-E7A7A8E7F9D8}.Release|Any CPU.Build.0 = Release|Any CPU
		{225F4EA5-6B8B-4505-ADBE-308AC8D0FA7A}.Debug|Any CPU.ActiveCfg = Debug|Any CPU
		{225F4EA5-6B8B-4505-ADBE-308AC8D0FA7A}.Debug|Any CPU.Build.0 = Debug|Any CPU
		{225F4EA5-6B8B-4505-ADBE-308AC8D0FA7A}.Release|Any CPU.ActiveCfg = Release|Any CPU
		{225F4EA5-6B8B-4505-ADBE-308AC8D0FA7A}.Release|Any CPU.Build.0 = Release|Any CPU
		{0227B48D-7414-4FA9-8865-60599812EA88}.Debug|Any CPU.ActiveCfg = Debug|Any CPU
		{0227B48D-7414-4FA9-8865-60599812EA88}.Debug|Any CPU.Build.0 = Debug|Any CPU
		{0227B48D-7414-4FA9-8865-60599812EA88}.Release|Any CPU.ActiveCfg = Release|Any CPU
		{0227B48D-7414-4FA9-8865-60599812EA88}.Release|Any CPU.Build.0 = Release|Any CPU
	EndGlobalSection
	GlobalSection(SolutionProperties) = preSolution
		HideSolutionNode = FALSE
	EndGlobalSection
	GlobalSection(ExtensibilityGlobals) = postSolution
		SolutionGuid = {AA37BDC9-E195-4638-9272-19B3D62C9EF4}
	EndGlobalSection
EndGlobal
